
Microsoft Visual Studio Solution File, Format Version 12.00
# Visual Studio 15
VisualStudioVersion = 15.0.27130.2027
MinimumVisualStudioVersion = 10.0.40219.1
Project("{FAE04EC0-301F-11D3-BF4B-00C04F79EFBC}") = "DemoMenuMasterDetail.Android", "DemoMenuMasterDetail\DemoMenuMasterDetail.Android\DemoMenuMasterDetail.Android.csproj", "{F3450865-A75D-43E4-9ED9-90E47790630E}"
EndProject
Project("{FAE04EC0-301F-11D3-BF4B-00C04F79EFBC}") = "DemoMenuMasterDetail.iOS", "DemoMenuMasterDetail\DemoMenuMasterDetail.iOS\DemoMenuMasterDetail.iOS.csproj", "{A8246C06-8178-4C23-880E-624B0C167F46}"
EndProject
Project("{FAE04EC0-301F-11D3-BF4B-00C04F79EFBC}") = "DemoMenuMasterDetail", "DemoMenuMasterDetail\DemoMenuMasterDetail\DemoMenuMasterDetail.csproj", "{1313BB32-1EE0-452C-AB5C-472FB56C36E1}"
EndProject
Global
	GlobalSection(SolutionConfigurationPlatforms) = preSolution
		Ad-Hoc|Any CPU = Ad-Hoc|Any CPU
		Ad-Hoc|iPhone = Ad-Hoc|iPhone
		Ad-Hoc|iPhoneSimulator = Ad-Hoc|iPhoneSimulator
		AppStore|Any CPU = AppStore|Any CPU
		AppStore|iPhone = AppStore|iPhone
		AppStore|iPhoneSimulator = AppStore|iPhoneSimulator
		Debug|Any CPU = Debug|Any CPU
		Debug|iPhone = Debug|iPhone
		Debug|iPhoneSimulator = Debug|iPhoneSimulator
		Release|Any CPU = Release|Any CPU
		Release|iPhone = Release|iPhone
		Release|iPhoneSimulator = Release|iPhoneSimulator
	EndGlobalSection
	GlobalSection(ProjectConfigurationPlatforms) = postSolution
		{F3450865-A75D-43E4-9ED9-90E47790630E}.Ad-Hoc|Any CPU.ActiveCfg = Release|Any CPU
		{F3450865-A75D-43E4-9ED9-90E47790630E}.Ad-Hoc|Any CPU.Build.0 = Release|Any CPU
		{F3450865-A75D-43E4-9ED9-90E47790630E}.Ad-Hoc|Any CPU.Deploy.0 = Release|Any CPU
		{F3450865-A75D-43E4-9ED9-90E47790630E}.Ad-Hoc|iPhone.ActiveCfg = Release|Any CPU
		{F3450865-A75D-43E4-9ED9-90E47790630E}.Ad-Hoc|iPhone.Build.0 = Release|Any CPU
		{F3450865-A75D-43E4-9ED9-90E47790630E}.Ad-Hoc|iPhone.Deploy.0 = Release|Any CPU
		{F3450865-A75D-43E4-9ED9-90E47790630E}.Ad-Hoc|iPhoneSimulator.ActiveCfg = Release|Any CPU
		{F3450865-A75D-43E4-9ED9-90E47790630E}.Ad-Hoc|iPhoneSimulator.Build.0 = Release|Any CPU
		{F3450865-A75D-43E4-9ED9-90E47790630E}.Ad-Hoc|iPhoneSimulator.Deploy.0 = Release|Any CPU
		{F3450865-A75D-43E4-9ED9-90E47790630E}.AppStore|Any CPU.ActiveCfg = Release|Any CPU
		{F3450865-A75D-43E4-9ED9-90E47790630E}.AppStore|Any CPU.Build.0 = Release|Any CPU
		{F3450865-A75D-43E4-9ED9-90E47790630E}.AppStore|Any CPU.Deploy.0 = Release|Any CPU
		{F3450865-A75D-43E4-9ED9-90E47790630E}.AppStore|iPhone.ActiveCfg = Release|Any CPU
		{F3450865-A75D-43E4-9ED9-90E47790630E}.AppStore|iPhone.Build.0 = Release|Any CPU
		{F3450865-A75D-43E4-9ED9-90E47790630E}.AppStore|iPhone.Deploy.0 = Release|Any CPU
		{F3450865-A75D-43E4-9ED9-90E47790630E}.AppStore|iPhoneSimulator.ActiveCfg = Release|Any CPU
		{F3450865-A75D-43E4-9ED9-90E47790630E}.AppStore|iPhoneSimulator.Build.0 = Release|Any CPU
		{F3450865-A75D-43E4-9ED9-90E47790630E}.AppStore|iPhoneSimulator.Deploy.0 = Release|Any CPU
		{F3450865-A75D-43E4-9ED9-90E47790630E}.Debug|Any CPU.ActiveCfg = Debug|Any CPU
		{F3450865-A75D-43E4-9ED9-90E47790630E}.Debug|Any CPU.Build.0 = Debug|Any CPU
		{F3450865-A75D-43E4-9ED9-90E47790630E}.Debug|Any CPU.Deploy.0 = Debug|Any CPU
		{F3450865-A75D-43E4-9ED9-90E47790630E}.Debug|iPhone.ActiveCfg = Debug|Any CPU
		{F3450865-A75D-43E4-9ED9-90E47790630E}.Debug|iPhone.Build.0 = Debug|Any CPU
		{F3450865-A75D-43E4-9ED9-90E47790630E}.Debug|iPhone.Deploy.0 = Debug|Any CPU
		{F3450865-A75D-43E4-9ED9-90E47790630E}.Debug|iPhoneSimulator.ActiveCfg = Debug|Any CPU
		{F3450865-A75D-43E4-9ED9-90E47790630E}.Debug|iPhoneSimulator.Build.0 = Debug|Any CPU
		{F3450865-A75D-43E4-9ED9-90E47790630E}.Debug|iPhoneSimulator.Deploy.0 = Debug|Any CPU
		{F3450865-A75D-43E4-9ED9-90E47790630E}.Release|Any CPU.ActiveCfg = Release|Any CPU
		{F3450865-A75D-43E4-9ED9-90E47790630E}.Release|Any CPU.Build.0 = Release|Any CPU
		{F3450865-A75D-43E4-9ED9-90E47790630E}.Release|Any CPU.Deploy.0 = Release|Any CPU
		{F3450865-A75D-43E4-9ED9-90E47790630E}.Release|iPhone.ActiveCfg = Release|Any CPU
		{F3450865-A75D-43E4-9ED9-90E47790630E}.Release|iPhone.Build.0 = Release|Any CPU
		{F3450865-A75D-43E4-9ED9-90E47790630E}.Release|iPhone.Deploy.0 = Release|Any CPU
		{F3450865-A75D-43E4-9ED9-90E47790630E}.Release|iPhoneSimulator.ActiveCfg = Release|Any CPU
		{F3450865-A75D-43E4-9ED9-90E47790630E}.Release|iPhoneSimulator.Build.0 = Release|Any CPU
		{F3450865-A75D-43E4-9ED9-90E47790630E}.Release|iPhoneSimulator.Deploy.0 = Release|Any CPU
		{A8246C06-8178-4C23-880E-624B0C167F46}.Ad-Hoc|Any CPU.ActiveCfg = Ad-Hoc|iPhone
		{A8246C06-8178-4C23-880E-624B0C167F46}.Ad-Hoc|iPhone.ActiveCfg = Ad-Hoc|iPhone
		{A8246C06-8178-4C23-880E-624B0C167F46}.Ad-Hoc|iPhone.Build.0 = Ad-Hoc|iPhone
		{A8246C06-8178-4C23-880E-624B0C167F46}.Ad-Hoc|iPhoneSimulator.ActiveCfg = Ad-Hoc|iPhoneSimulator
		{A8246C06-8178-4C23-880E-624B0C167F46}.Ad-Hoc|iPhoneSimulator.Build.0 = Ad-Hoc|iPhoneSimulator
		{A8246C06-8178-4C23-880E-624B0C167F46}.AppStore|Any CPU.ActiveCfg = AppStore|iPhone
		{A8246C06-8178-4C23-880E-624B0C167F46}.AppStore|iPhone.ActiveCfg = AppStore|iPhone
		{A8246C06-8178-4C23-880E-624B0C167F46}.AppStore|iPhone.Build.0 = AppStore|iPhone
		{A8246C06-8178-4C23-880E-624B0C167F46}.AppStore|iPhoneSimulator.ActiveCfg = AppStore|iPhoneSimulator
		{A8246C06-8178-4C23-880E-624B0C167F46}.AppStore|iPhoneSimulator.Build.0 = AppStore|iPhoneSimulator
		{A8246C06-8178-4C23-880E-624B0C167F46}.Debug|Any CPU.ActiveCfg = Debug|iPhone
		{A8246C06-8178-4C23-880E-624B0C167F46}.Debug|iPhone.ActiveCfg = Debug|iPhone
		{A8246C06-8178-4C23-880E-624B0C167F46}.Debug|iPhone.Build.0 = Debug|iPhone
		{A8246C06-8178-4C23-880E-624B0C167F46}.Debug|iPhoneSimulator.ActiveCfg = Debug|iPhoneSimulator
		{A8246C06-8178-4C23-880E-624B0C167F46}.Debug|iPhoneSimulator.Build.0 = Debug|iPhoneSimulator
		{A8246C06-8178-4C23-880E-624B0C167F46}.Release|Any CPU.ActiveCfg = Release|iPhone
		{A8246C06-8178-4C23-880E-624B0C167F46}.Release|iPhone.ActiveCfg = Release|iPhone
		{A8246C06-8178-4C23-880E-624B0C167F46}.Release|iPhone.Build.0 = Release|iPhone
		{A8246C06-8178-4C23-880E-624B0C167F46}.Release|iPhoneSimulator.ActiveCfg = Release|iPhoneSimulator
		{A8246C06-8178-4C23-880E-624B0C167F46}.Release|iPhoneSimulator.Build.0 = Release|iPhoneSimulator
		{1313BB32-1EE0-452C-AB5C-472FB56C36E1}.Ad-Hoc|Any CPU.ActiveCfg = Debug|Any CPU
		{1313BB32-1EE0-452C-AB5C-472FB56C36E1}.Ad-Hoc|Any CPU.Build.0 = Debug|Any CPU
		{1313BB32-1EE0-452C-AB5C-472FB56C36E1}.Ad-Hoc|iPhone.ActiveCfg = Debug|Any CPU
		{1313BB32-1EE0-452C-AB5C-472FB56C36E1}.Ad-Hoc|iPhone.Build.0 = Debug|Any CPU
		{1313BB32-1EE0-452C-AB5C-472FB56C36E1}.Ad-Hoc|iPhoneSimulator.ActiveCfg = Debug|Any CPU
		{1313BB32-1EE0-452C-AB5C-472FB56C36E1}.Ad-Hoc|iPhoneSimulator.Build.0 = Debug|Any CPU
		{1313BB32-1EE0-452C-AB5C-472FB56C36E1}.AppStore|Any CPU.ActiveCfg = Debug|Any CPU
		{1313BB32-1EE0-452C-AB5C-472FB56C36E1}.AppStore|Any CPU.Build.0 = Debug|Any CPU
		{1313BB32-1EE0-452C-AB5C-472FB56C36E1}.AppStore|iPhone.ActiveCfg = Debug|Any CPU
		{1313BB32-1EE0-452C-AB5C-472FB56C36E1}.AppStore|iPhone.Build.0 = Debug|Any CPU
		{1313BB32-1EE0-452C-AB5C-472FB56C36E1}.AppStore|iPhoneSimulator.ActiveCfg = Debug|Any CPU
		{1313BB32-1EE0-452C-AB5C-472FB56C36E1}.AppStore|iPhoneSimulator.Build.0 = Debug|Any CPU
		{1313BB32-1EE0-452C-AB5C-472FB56C36E1}.Debug|Any CPU.ActiveCfg = Debug|Any CPU
		{1313BB32-1EE0-452C-AB5C-472FB56C36E1}.Debug|Any CPU.Build.0 = Debug|Any CPU
		{1313BB32-1EE0-452C-AB5C-472FB56C36E1}.Debug|iPhone.ActiveCfg = Debug|Any CPU
		{1313BB32-1EE0-452C-AB5C-472FB56C36E1}.Debug|iPhone.Build.0 = Debug|Any CPU
		{1313BB32-1EE0-452C-AB5C-472FB56C36E1}.Debug|iPhoneSimulator.ActiveCfg = Debug|Any CPU
		{1313BB32-1EE0-452C-AB5C-472FB56C36E1}.Debug|iPhoneSimulator.Build.0 = Debug|Any CPU
		{1313BB32-1EE0-452C-AB5C-472FB56C36E1}.Release|Any CPU.ActiveCfg = Release|Any CPU
		{1313BB32-1EE0-452C-AB5C-472FB56C36E1}.Release|Any CPU.Build.0 = Release|Any CPU
		{1313BB32-1EE0-452C-AB5C-472FB56C36E1}.Release|iPhone.ActiveCfg = Release|Any CPU
		{1313BB32-1EE0-452C-AB5C-472FB56C36E1}.Release|iPhone.Build.0 = Release|Any CPU
		{1313BB32-1EE0-452C-AB5C-472FB56C36E1}.Release|iPhoneSimulator.ActiveCfg = Release|Any CPU
		{1313BB32-1EE0-452C-AB5C-472FB56C36E1}.Release|iPhoneSimulator.Build.0 = Release|Any CPU
	EndGlobalSection
	GlobalSection(SolutionProperties) = preSolution
		HideSolutionNode = FALSE
	EndGlobalSection
	GlobalSection(ExtensibilityGlobals) = postSolution
		SolutionGuid = {4E98C50E-71E0-480B-8C93-31CCEF8FAA88}
	EndGlobalSection
EndGlobal
